
Microsoft Visual Studio Solution File, Format Version 12.00
# Visual Studio Version 16
VisualStudioVersion = 16.0.31402.337
MinimumVisualStudioVersion = 10.0.40219.1
Project("{8BC9CEB8-8B4A-11D0-8D11-00A0C91BC942}") = "DynamicMemory", "DynamicMemory\DynamicMemory.vcxproj", "{8C865E2C-2A3F-4BAF-8D0E-B31B7065CD9C}"
EndProject
Project("{8BC9CEB8-8B4A-11D0-8D11-00A0C91BC942}") = "HW3(linkedLists)", "HW3(linkedLists)\HW3(linkedLists).vcxproj", "{B49F2D96-7828-4E73-9E6B-B926942881E1}"
EndProject
Project("{8BC9CEB8-8B4A-11D0-8D11-00A0C91BC942}") = "HW4 (StackQueue)", "HW4 (Stacks)\HW4 (Stacks).vcxproj", "{5805CA8F-C191-4AD1-8C01-9DD0DBAF5B1B}"
EndProject
Project("{8BC9CEB8-8B4A-11D0-8D11-00A0C91BC942}") = "HW3b(LinkedListsSTART)", "HW3b(LinkedListsSTART)\HW3b(LinkedListsSTART).vcxproj", "{AE5801CC-A9FB-4846-85E2-6D8570AF16CE}"
EndProject
Project("{8BC9CEB8-8B4A-11D0-8D11-00A0C91BC942}") = "HW3C", "Hw3b\Hw3b.vcxproj", "{E26EB21E-E531-4B9F-8538-46F03DAF9AFE}"
EndProject
Project("{8BC9CEB8-8B4A-11D0-8D11-00A0C91BC942}") = "midprep", "HW3D\HW3D.vcxproj", "{026B6C6A-1DE6-41EE-AC70-1A86BC6AA518}"
EndProject
Project("{8BC9CEB8-8B4A-11D0-8D11-00A0C91BC942}") = "DoublyLinkedLists", "DoublyLinkedLists\DoublyLinkedLists.vcxproj", "{F6E1F176-C69E-43FC-8E99-9D16B5B200A2}"
EndProject
Project("{8BC9CEB8-8B4A-11D0-8D11-00A0C91BC942}") = "BST", "BST\BST.vcxproj", "{980CFA4A-0098-4B0E-B142-E758748B503D}"
EndProject
Project("{8BC9CEB8-8B4A-11D0-8D11-00A0C91BC942}") = "Q5_rangedRemove", "Q5_rangedRemove\Q5_rangedRemove.vcxproj", "{9A30153C-0D1D-4DEF-99B9-32748C46470C}"
EndProject
Project("{8BC9CEB8-8B4A-11D0-8D11-00A0C91BC942}") = "Q4_hasPath", "Q4_hasPath\Q4_hasPath.vcxproj", "{5505CE97-2B09-4718-A707-9E51248DD971}"
EndProject
Project("{8BC9CEB8-8B4A-11D0-8D11-00A0C91BC942}") = "Q6_countleftNodes", "Q6_countleftNodes\Q6_countleftNodes.vcxproj", "{BAC8475B-57E4-461D-9118-5261DC6BACC8}"
EndProject
Project("{2150E333-8FDC-42A3-9474-1A3956D46DE8}") = "HW5 BST", "HW5 BST", "{F2DDD575-3452-4C56-B3F9-9CAD4B0A25BD}"
EndProject
Project("{2150E333-8FDC-42A3-9474-1A3956D46DE8}") = "HW3 Linked List", "HW3 Linked List", "{DBA902FA-3FDD-4224-AB2E-7982995104C4}"
EndProject
Project("{2150E333-8FDC-42A3-9474-1A3956D46DE8}") = "HW4 stackqueue", "HW4 stackqueue", "{F4CF6F5E-0D7C-492E-99EF-DB9374EDFF63}"
EndProject
Project("{2150E333-8FDC-42A3-9474-1A3956D46DE8}") = "HW6 Graph", "HW6 Graph", "{A035367F-161D-4C98-AC7C-7BFCBB53C704}"
EndProject
Project("{8BC9CEB8-8B4A-11D0-8D11-00A0C91BC942}") = "Q1 isReachable", "Graph\Graph.vcxproj", "{BC89DCF0-FDE9-4938-9AA0-EDBE4AC6FB3C}"
EndProject
Project("{8BC9CEB8-8B4A-11D0-8D11-00A0C91BC942}") = "Q2 printLevel", "Q2 printLevel\Q2 printLevel.vcxproj", "{ABD4D3CD-4F48-406D-8B9D-45D42F846B03}"
EndProject
Project("{8BC9CEB8-8B4A-11D0-8D11-00A0C91BC942}") = "adjmat", "adjmat\adjmat.vcxproj", "{269FE87D-D810-4929-9BF8-A7B742973561}"
EndProject
Project("{8BC9CEB8-8B4A-11D0-8D11-00A0C91BC942}") = "Q2_printLevels(2)", "Q2_printLevels(2)\Q2_printLevels(2).vcxproj", "{25EC892A-5EF5-4F5E-8986-9D9A8ECEAD69}"
EndProject
Project("{8BC9CEB8-8B4A-11D0-8D11-00A0C91BC942}") = "Q3_printPath", "Q3_ Allpaths\Q3_ Allpaths.vcxproj", "{6989BFF4-EC4E-4E61-B102-DA9A3F8C8B6E}"
EndProject
Project("{8BC9CEB8-8B4A-11D0-8D11-00A0C91BC942}") = "Q5_kthLevelFriends", "Q5_kthLevelFriends\Q5_kthLevelFriends.vcxproj", "{0723E4FD-08D4-43B7-9EF6-0EACF5DF27D8}"
EndProject
Global
	GlobalSection(SolutionConfigurationPlatforms) = preSolution
		Debug|x64 = Debug|x64
		Debug|x86 = Debug|x86
		Release|x64 = Release|x64
		Release|x86 = Release|x86
	EndGlobalSection
	GlobalSection(ProjectConfigurationPlatforms) = postSolution
		{8C865E2C-2A3F-4BAF-8D0E-B31B7065CD9C}.Debug|x64.ActiveCfg = Debug|x64
		{8C865E2C-2A3F-4BAF-8D0E-B31B7065CD9C}.Debug|x64.Build.0 = Debug|x64
		{8C865E2C-2A3F-4BAF-8D0E-B31B7065CD9C}.Debug|x86.ActiveCfg = Debug|Win32
		{8C865E2C-2A3F-4BAF-8D0E-B31B7065CD9C}.Debug|x86.Build.0 = Debug|Win32
		{8C865E2C-2A3F-4BAF-8D0E-B31B7065CD9C}.Release|x64.ActiveCfg = Release|x64
		{8C865E2C-2A3F-4BAF-8D0E-B31B7065CD9C}.Release|x64.Build.0 = Release|x64
		{8C865E2C-2A3F-4BAF-8D0E-B31B7065CD9C}.Release|x86.ActiveCfg = Release|Win32
		{8C865E2C-2A3F-4BAF-8D0E-B31B7065CD9C}.Release|x86.Build.0 = Release|Win32
		{B49F2D96-7828-4E73-9E6B-B926942881E1}.Debug|x64.ActiveCfg = Debug|x64
		{B49F2D96-7828-4E73-9E6B-B926942881E1}.Debug|x64.Build.0 = Debug|x64
		{B49F2D96-7828-4E73-9E6B-B926942881E1}.Debug|x86.ActiveCfg = Debug|Win32
		{B49F2D96-7828-4E73-9E6B-B926942881E1}.Debug|x86.Build.0 = Debug|Win32
		{B49F2D96-7828-4E73-9E6B-B926942881E1}.Release|x64.ActiveCfg = Release|x64
		{B49F2D96-7828-4E73-9E6B-B926942881E1}.Release|x64.Build.0 = Release|x64
		{B49F2D96-7828-4E73-9E6B-B926942881E1}.Release|x86.ActiveCfg = Release|Win32
		{B49F2D96-7828-4E73-9E6B-B926942881E1}.Release|x86.Build.0 = Release|Win32
		{5805CA8F-C191-4AD1-8C01-9DD0DBAF5B1B}.Debug|x64.ActiveCfg = Debug|x64
		{5805CA8F-C191-4AD1-8C01-9DD0DBAF5B1B}.Debug|x64.Build.0 = Debug|x64
		{5805CA8F-C191-4AD1-8C01-9DD0DBAF5B1B}.Debug|x86.ActiveCfg = Debug|Win32
		{5805CA8F-C191-4AD1-8C01-9DD0DBAF5B1B}.Debug|x86.Build.0 = Debug|Win32
		{5805CA8F-C191-4AD1-8C01-9DD0DBAF5B1B}.Release|x64.ActiveCfg = Release|x64
		{5805CA8F-C191-4AD1-8C01-9DD0DBAF5B1B}.Release|x64.Build.0 = Release|x64
		{5805CA8F-C191-4AD1-8C01-9DD0DBAF5B1B}.Release|x86.ActiveCfg = Release|Win32
		{5805CA8F-C191-4AD1-8C01-9DD0DBAF5B1B}.Release|x86.Build.0 = Release|Win32
		{AE5801CC-A9FB-4846-85E2-6D8570AF16CE}.Debug|x64.ActiveCfg = Debug|x64
		{AE5801CC-A9FB-4846-85E2-6D8570AF16CE}.Debug|x64.Build.0 = Debug|x64
		{AE5801CC-A9FB-4846-85E2-6D8570AF16CE}.Debug|x86.ActiveCfg = Debug|Win32
		{AE5801CC-A9FB-4846-85E2-6D8570AF16CE}.Debug|x86.Build.0 = Debug|Win32
		{AE5801CC-A9FB-4846-85E2-6D8570AF16CE}.Release|x64.ActiveCfg = Release|x64
		{AE5801CC-A9FB-4846-85E2-6D8570AF16CE}.Release|x64.Build.0 = Release|x64
		{AE5801CC-A9FB-4846-85E2-6D8570AF16CE}.Release|x86.ActiveCfg = Release|Win32
		{AE5801CC-A9FB-4846-85E2-6D8570AF16CE}.Release|x86.Build.0 = Release|Win32
		{E26EB21E-E531-4B9F-8538-46F03DAF9AFE}.Debug|x64.ActiveCfg = Debug|x64
		{E26EB21E-E531-4B9F-8538-46F03DAF9AFE}.Debug|x64.Build.0 = Debug|x64
		{E26EB21E-E531-4B9F-8538-46F03DAF9AFE}.Debug|x86.ActiveCfg = Debug|Win32
		{E26EB21E-E531-4B9F-8538-46F03DAF9AFE}.Debug|x86.Build.0 = Debug|Win32
		{E26EB21E-E531-4B9F-8538-46F03DAF9AFE}.Release|x64.ActiveCfg = Release|x64
		{E26EB21E-E531-4B9F-8538-46F03DAF9AFE}.Release|x64.Build.0 = Release|x64
		{E26EB21E-E531-4B9F-8538-46F03DAF9AFE}.Release|x86.ActiveCfg = Release|Win32
		{E26EB21E-E531-4B9F-8538-46F03DAF9AFE}.Release|x86.Build.0 = Release|Win32
		{026B6C6A-1DE6-41EE-AC70-1A86BC6AA518}.Debug|x64.ActiveCfg = Debug|x64
		{026B6C6A-1DE6-41EE-AC70-1A86BC6AA518}.Debug|x64.Build.0 = Debug|x64
		{026B6C6A-1DE6-41EE-AC70-1A86BC6AA518}.Debug|x86.ActiveCfg = Debug|Win32
		{026B6C6A-1DE6-41EE-AC70-1A86BC6AA518}.Debug|x86.Build.0 = Debug|Win32
		{026B6C6A-1DE6-41EE-AC70-1A86BC6AA518}.Release|x64.ActiveCfg = Release|x64
		{026B6C6A-1DE6-41EE-AC70-1A86BC6AA518}.Release|x64.Build.0 = Release|x64
		{026B6C6A-1DE6-41EE-AC70-1A86BC6AA518}.Release|x86.ActiveCfg = Release|Win32
		{026B6C6A-1DE6-41EE-AC70-1A86BC6AA518}.Release|x86.Build.0 = Release|Win32
		{F6E1F176-C69E-43FC-8E99-9D16B5B200A2}.Debug|x64.ActiveCfg = Debug|x64
		{F6E1F176-C69E-43FC-8E99-9D16B5B200A2}.Debug|x64.Build.0 = Debug|x64
		{F6E1F176-C69E-43FC-8E99-9D16B5B200A2}.Debug|x86.ActiveCfg = Debug|Win32
		{F6E1F176-C69E-43FC-8E99-9D16B5B200A2}.Debug|x86.Build.0 = Debug|Win32
		{F6E1F176-C69E-43FC-8E99-9D16B5B200A2}.Release|x64.ActiveCfg = Release|x64
		{F6E1F176-C69E-43FC-8E99-9D16B5B200A2}.Release|x64.Build.0 = Release|x64
		{F6E1F176-C69E-43FC-8E99-9D16B5B200A2}.Release|x86.ActiveCfg = Release|Win32
		{F6E1F176-C69E-43FC-8E99-9D16B5B200A2}.Release|x86.Build.0 = Release|Win32
		{980CFA4A-0098-4B0E-B142-E758748B503D}.Debug|x64.ActiveCfg = Debug|x64
		{980CFA4A-0098-4B0E-B142-E758748B503D}.Debug|x64.Build.0 = Debug|x64
		{980CFA4A-0098-4B0E-B142-E758748B503D}.Debug|x86.ActiveCfg = Debug|Win32
		{980CFA4A-0098-4B0E-B142-E758748B503D}.Debug|x86.Build.0 = Debug|Win32
		{980CFA4A-0098-4B0E-B142-E758748B503D}.Release|x64.ActiveCfg = Release|x64
		{980CFA4A-0098-4B0E-B142-E758748B503D}.Release|x64.Build.0 = Release|x64
		{980CFA4A-0098-4B0E-B142-E758748B503D}.Release|x86.ActiveCfg = Release|Win32
		{980CFA4A-0098-4B0E-B142-E758748B503D}.Release|x86.Build.0 = Release|Win32
		{9A30153C-0D1D-4DEF-99B9-32748C46470C}.Debug|x64.ActiveCfg = Debug|x64
		{9A30153C-0D1D-4DEF-99B9-32748C46470C}.Debug|x64.Build.0 = Debug|x64
		{9A30153C-0D1D-4DEF-99B9-32748C46470C}.Debug|x86.ActiveCfg = Debug|Win32
		{9A30153C-0D1D-4DEF-99B9-32748C46470C}.Debug|x86.Build.0 = Debug|Win32
		{9A30153C-0D1D-4DEF-99B9-32748C46470C}.Release|x64.ActiveCfg = Release|x64
		{9A30153C-0D1D-4DEF-99B9-32748C46470C}.Release|x64.Build.0 = Release|x64
		{9A30153C-0D1D-4DEF-99B9-32748C46470C}.Release|x86.ActiveCfg = Release|Win32
		{9A30153C-0D1D-4DEF-99B9-32748C46470C}.Release|x86.Build.0 = Release|Win32
		{5505CE97-2B09-4718-A707-9E51248DD971}.Debug|x64.ActiveCfg = Debug|x64
		{5505CE97-2B09-4718-A707-9E51248DD971}.Debug|x64.Build.0 = Debug|x64
		{5505CE97-2B09-4718-A707-9E51248DD971}.Debug|x86.ActiveCfg = Debug|Win32
		{5505CE97-2B09-4718-A707-9E51248DD971}.Debug|x86.Build.0 = Debug|Win32
		{5505CE97-2B09-4718-A707-9E51248DD971}.Release|x64.ActiveCfg = Release|x64
		{5505CE97-2B09-4718-A707-9E51248DD971}.Release|x64.Build.0 = Release|x64
		{5505CE97-2B09-4718-A707-9E51248DD971}.Release|x86.ActiveCfg = Release|Win32
		{5505CE97-2B09-4718-A707-9E51248DD971}.Release|x86.Build.0 = Release|Win32
		{BAC8475B-57E4-461D-9118-5261DC6BACC8}.Debug|x64.ActiveCfg = Debug|x64
		{BAC8475B-57E4-461D-9118-5261DC6BACC8}.Debug|x64.Build.0 = Debug|x64
		{BAC8475B-57E4-461D-9118-5261DC6BACC8}.Debug|x86.ActiveCfg = Debug|Win32
		{BAC8475B-57E4-461D-9118-5261DC6BACC8}.Debug|x86.Build.0 = Debug|Win32
		{BAC8475B-57E4-461D-9118-5261DC6BACC8}.Release|x64.ActiveCfg = Release|x64
		{BAC8475B-57E4-461D-9118-5261DC6BACC8}.Release|x64.Build.0 = Release|x64
		{BAC8475B-57E4-461D-9118-5261DC6BACC8}.Release|x86.ActiveCfg = Release|Win32
		{BAC8475B-57E4-461D-9118-5261DC6BACC8}.Release|x86.Build.0 = Release|Win32
		{BC89DCF0-FDE9-4938-9AA0-EDBE4AC6FB3C}.Debug|x64.ActiveCfg = Debug|x64
		{BC89DCF0-FDE9-4938-9AA0-EDBE4AC6FB3C}.Debug|x64.Build.0 = Debug|x64
		{BC89DCF0-FDE9-4938-9AA0-EDBE4AC6FB3C}.Debug|x86.ActiveCfg = Debug|Win32
		{BC89DCF0-FDE9-4938-9AA0-EDBE4AC6FB3C}.Debug|x86.Build.0 = Debug|Win32
		{BC89DCF0-FDE9-4938-9AA0-EDBE4AC6FB3C}.Release|x64.ActiveCfg = Release|x64
		{BC89DCF0-FDE9-4938-9AA0-EDBE4AC6FB3C}.Release|x64.Build.0 = Release|x64
		{BC89DCF0-FDE9-4938-9AA0-EDBE4AC6FB3C}.Release|x86.ActiveCfg = Release|Win32
		{BC89DCF0-FDE9-4938-9AA0-EDBE4AC6FB3C}.Release|x86.Build.0 = Release|Win32
		{ABD4D3CD-4F48-406D-8B9D-45D42F846B03}.Debug|x64.ActiveCfg = Debug|x64
		{ABD4D3CD-4F48-406D-8B9D-45D42F846B03}.Debug|x64.Build.0 = Debug|x64
		{ABD4D3CD-4F48-406D-8B9D-45D42F846B03}.Debug|x86.ActiveCfg = Debug|Win32
		{ABD4D3CD-4F48-406D-8B9D-45D42F846B03}.Debug|x86.Build.0 = Debug|Win32
		{ABD4D3CD-4F48-406D-8B9D-45D42F846B03}.Release|x64.ActiveCfg = Release|x64
		{ABD4D3CD-4F48-406D-8B9D-45D42F846B03}.Release|x64.Build.0 = Release|x64
		{ABD4D3CD-4F48-406D-8B9D-45D42F846B03}.Release|x86.ActiveCfg = Release|Win32
		{ABD4D3CD-4F48-406D-8B9D-45D42F846B03}.Release|x86.Build.0 = Release|Win32
		{269FE87D-D810-4929-9BF8-A7B742973561}.Debug|x64.ActiveCfg = Debug|x64
		{269FE87D-D810-4929-9BF8-A7B742973561}.Debug|x64.Build.0 = Debug|x64
		{269FE87D-D810-4929-9BF8-A7B742973561}.Debug|x86.ActiveCfg = Debug|Win32
		{269FE87D-D810-4929-9BF8-A7B742973561}.Debug|x86.Build.0 = Debug|Win32
		{269FE87D-D810-4929-9BF8-A7B742973561}.Release|x64.ActiveCfg = Release|x64
		{269FE87D-D810-4929-9BF8-A7B742973561}.Release|x64.Build.0 = Release|x64
		{269FE87D-D810-4929-9BF8-A7B742973561}.Release|x86.ActiveCfg = Release|Win32
		{269FE87D-D810-4929-9BF8-A7B742973561}.Release|x86.Build.0 = Release|Win32
		{25EC892A-5EF5-4F5E-8986-9D9A8ECEAD69}.Debug|x64.ActiveCfg = Debug|x64
		{25EC892A-5EF5-4F5E-8986-9D9A8ECEAD69}.Debug|x64.Build.0 = Debug|x64
		{25EC892A-5EF5-4F5E-8986-9D9A8ECEAD69}.Debug|x86.ActiveCfg = Debug|Win32
		{25EC892A-5EF5-4F5E-8986-9D9A8ECEAD69}.Debug|x86.Build.0 = Debug|Win32
		{25EC892A-5EF5-4F5E-8986-9D9A8ECEAD69}.Release|x64.ActiveCfg = Release|x64
		{25EC892A-5EF5-4F5E-8986-9D9A8ECEAD69}.Release|x64.Build.0 = Release|x64
		{25EC892A-5EF5-4F5E-8986-9D9A8ECEAD69}.Release|x86.ActiveCfg = Release|Win32
		{25EC892A-5EF5-4F5E-8986-9D9A8ECEAD69}.Release|x86.Build.0 = Release|Win32
		{6989BFF4-EC4E-4E61-B102-DA9A3F8C8B6E}.Debug|x64.ActiveCfg = Debug|x64
		{6989BFF4-EC4E-4E61-B102-DA9A3F8C8B6E}.Debug|x64.Build.0 = Debug|x64
		{6989BFF4-EC4E-4E61-B102-DA9A3F8C8B6E}.Debug|x86.ActiveCfg = Debug|Win32
		{6989BFF4-EC4E-4E61-B102-DA9A3F8C8B6E}.Debug|x86.Build.0 = Debug|Win32
		{6989BFF4-EC4E-4E61-B102-DA9A3F8C8B6E}.Release|x64.ActiveCfg = Release|x64
		{6989BFF4-EC4E-4E61-B102-DA9A3F8C8B6E}.Release|x64.Build.0 = Release|x64
		{6989BFF4-EC4E-4E61-B102-DA9A3F8C8B6E}.Release|x86.ActiveCfg = Release|Win32
		{6989BFF4-EC4E-4E61-B102-DA9A3F8C8B6E}.Release|x86.Build.0 = Release|Win32
		{0723E4FD-08D4-43B7-9EF6-0EACF5DF27D8}.Debug|x64.ActiveCfg = Debug|x64
		{0723E4FD-08D4-43B7-9EF6-0EACF5DF27D8}.Debug|x64.Build.0 = Debug|x64
		{0723E4FD-08D4-43B7-9EF6-0EACF5DF27D8}.Debug|x86.ActiveCfg = Debug|Win32
		{0723E4FD-08D4-43B7-9EF6-0EACF5DF27D8}.Debug|x86.Build.0 = Debug|Win32
		{0723E4FD-08D4-43B7-9EF6-0EACF5DF27D8}.Release|x64.ActiveCfg = Release|x64
		{0723E4FD-08D4-43B7-9EF6-0EACF5DF27D8}.Release|x64.Build.0 = Release|x64
		{0723E4FD-08D4-43B7-9EF6-0EACF5DF27D8}.Release|x86.ActiveCfg = Release|Win32
		{0723E4FD-08D4-43B7-9EF6-0EACF5DF27D8}.Release|x86.Build.0 = Release|Win32
	EndGlobalSection
	GlobalSection(SolutionProperties) = preSolution
		HideSolutionNode = FALSE
	EndGlobalSection
	GlobalSection(NestedProjects) = preSolution
		{B49F2D96-7828-4E73-9E6B-B926942881E1} = {DBA902FA-3FDD-4224-AB2E-7982995104C4}
		{5805CA8F-C191-4AD1-8C01-9DD0DBAF5B1B} = {F4CF6F5E-0D7C-492E-99EF-DB9374EDFF63}
		{AE5801CC-A9FB-4846-85E2-6D8570AF16CE} = {DBA902FA-3FDD-4224-AB2E-7982995104C4}
		{E26EB21E-E531-4B9F-8538-46F03DAF9AFE} = {DBA902FA-3FDD-4224-AB2E-7982995104C4}
		{F6E1F176-C69E-43FC-8E99-9D16B5B200A2} = {DBA902FA-3FDD-4224-AB2E-7982995104C4}
		{980CFA4A-0098-4B0E-B142-E758748B503D} = {F2DDD575-3452-4C56-B3F9-9CAD4B0A25BD}
		{9A30153C-0D1D-4DEF-99B9-32748C46470C} = {F2DDD575-3452-4C56-B3F9-9CAD4B0A25BD}
		{5505CE97-2B09-4718-A707-9E51248DD971} = {F2DDD575-3452-4C56-B3F9-9CAD4B0A25BD}
		{BAC8475B-57E4-461D-9118-5261DC6BACC8} = {F2DDD575-3452-4C56-B3F9-9CAD4B0A25BD}
		{BC89DCF0-FDE9-4938-9AA0-EDBE4AC6FB3C} = {A035367F-161D-4C98-AC7C-7BFCBB53C704}
		{ABD4D3CD-4F48-406D-8B9D-45D42F846B03} = {A035367F-161D-4C98-AC7C-7BFCBB53C704}
		{269FE87D-D810-4929-9BF8-A7B742973561} = {A035367F-161D-4C98-AC7C-7BFCBB53C704}
		{25EC892A-5EF5-4F5E-8986-9D9A8ECEAD69} = {A035367F-161D-4C98-AC7C-7BFCBB53C704}
		{6989BFF4-EC4E-4E61-B102-DA9A3F8C8B6E} = {A035367F-161D-4C98-AC7C-7BFCBB53C704}
		{0723E4FD-08D4-43B7-9EF6-0EACF5DF27D8} = {A035367F-161D-4C98-AC7C-7BFCBB53C704}
	EndGlobalSection
	GlobalSection(ExtensibilityGlobals) = postSolution
		SolutionGuid = {184EE166-F1B8-49AF-84B5-658FBDA60BD2}
	EndGlobalSection
EndGlobal
